
Microsoft Visual Studio Solution File, Format Version 12.00
# Visual Studio Version 16
VisualStudioVersion = 16.0.30330.147
MinimumVisualStudioVersion = 10.0.40219.1
Project("{8BC9CEB8-8B4A-11D0-8D11-00A0C91BC942}") = "Assignment 1", "Assignment 1\Assignment 1.vcxproj", "{250561F1-8832-4EE6-AD9C-D68B4C14784C}"
EndProject
Project("{8BC9CEB8-8B4A-11D0-8D11-00A0C91BC942}") = "Assignment 2", "Assignment 2\Assignment 2.vcxproj", "{8B5D89E2-D01C-4FE6-9F1E-D4D949BCF969}"
EndProject
Project("{8BC9CEB8-8B4A-11D0-8D11-00A0C91BC942}") = "Lab1A", "..\Labs\Week 1\Tutorial1a\Tutorial\Tutorial.vcxproj", "{3C72A1D8-542B-4DAA-AC9D-A953B687FB61}"
EndProject
Global
	GlobalSection(SolutionConfigurationPlatforms) = preSolution
		Debug|x64 = Debug|x64
		Debug|x86 = Debug|x86
		Release|x64 = Release|x64
		Release|x86 = Release|x86
	EndGlobalSection
	GlobalSection(ProjectConfigurationPlatforms) = postSolution
		{250561F1-8832-4EE6-AD9C-D68B4C14784C}.Debug|x64.ActiveCfg = Debug|Win32
		{250561F1-8832-4EE6-AD9C-D68B4C14784C}.Debug|x64.Build.0 = Debug|Win32
		{250561F1-8832-4EE6-AD9C-D68B4C14784C}.Debug|x86.ActiveCfg = Debug|Win32
		{250561F1-8832-4EE6-AD9C-D68B4C14784C}.Debug|x86.Build.0 = Debug|Win32
		{250561F1-8832-4EE6-AD9C-D68B4C14784C}.Release|x64.ActiveCfg = Release|x64
		{250561F1-8832-4EE6-AD9C-D68B4C14784C}.Release|x64.Build.0 = Release|x64
		{250561F1-8832-4EE6-AD9C-D68B4C14784C}.Release|x86.ActiveCfg = Release|Win32
		{250561F1-8832-4EE6-AD9C-D68B4C14784C}.Release|x86.Build.0 = Release|Win32
		{8B5D89E2-D01C-4FE6-9F1E-D4D949BCF969}.Debug|x64.ActiveCfg = Debug|x64
		{8B5D89E2-D01C-4FE6-9F1E-D4D949BCF969}.Debug|x64.Build.0 = Debug|x64
		{8B5D89E2-D01C-4FE6-9F1E-D4D949BCF969}.Debug|x86.ActiveCfg = Debug|Win32
		{8B5D89E2-D01C-4FE6-9F1E-D4D949BCF969}.Debug|x86.Build.0 = Debug|Win32
		{8B5D89E2-D01C-4FE6-9F1E-D4D949BCF969}.Release|x64.ActiveCfg = Release|x64
		{8B5D89E2-D01C-4FE6-9F1E-D4D949BCF969}.Release|x64.Build.0 = Release|x64
		{8B5D89E2-D01C-4FE6-9F1E-D4D949BCF969}.Release|x86.ActiveCfg = Release|Win32
		{8B5D89E2-D01C-4FE6-9F1E-D4D949BCF969}.Release|x86.Build.0 = Release|Win32
		{3C72A1D8-542B-4DAA-AC9D-A953B687FB61}.Debug|x64.ActiveCfg = Debug|x64
		{3C72A1D8-542B-4DAA-AC9D-A953B687FB61}.Debug|x64.Build.0 = Debug|x64
		{3C72A1D8-542B-4DAA-AC9D-A953B687FB61}.Debug|x86.ActiveCfg = Debug|Win32
		{3C72A1D8-542B-4DAA-AC9D-A953B687FB61}.Debug|x86.Build.0 = Debug|Win32
		{3C72A1D8-542B-4DAA-AC9D-A953B687FB61}.Release|x64.ActiveCfg = Release|x64
		{3C72A1D8-542B-4DAA-AC9D-A953B687FB61}.Release|x64.Build.0 = Release|x64
		{3C72A1D8-542B-4DAA-AC9D-A953B687FB61}.Release|x86.ActiveCfg = Release|Win32
		{3C72A1D8-542B-4DAA-AC9D-A953B687FB61}.Release|x86.Build.0 = Release|Win32
	EndGlobalSection
	GlobalSection(SolutionProperties) = preSolution
		HideSolutionNode = FALSE
	EndGlobalSection
	GlobalSection(ExtensibilityGlobals) = postSolution
		SolutionGuid = {A0A90EE4-4503-4406-A52E-E16AA6939870}
	EndGlobalSection
EndGlobal
